
Microsoft Visual Studio Solution File, Format Version 12.00
# Visual Studio Version 16
VisualStudioVersion = 16.0.30621.155
MinimumVisualStudioVersion = 10.0.40219.1
Project("{FAE04EC0-301F-11D3-BF4B-00C04F79EFBC}") = "AzureUploadIssue", "AzureUploadIssue.csproj", "{D177F818-C90F-4C4E-AFC9-DE71D716E930}"
EndProject
Global
	GlobalSection(SolutionConfigurationPlatforms) = preSolution
		Debug|Any CPU = Debug|Any CPU
		Release|Any CPU = Release|Any CPU
	EndGlobalSection
	GlobalSection(ProjectConfigurationPlatforms) = postSolution
		{D177F818-C90F-4C4E-AFC9-DE71D716E930}.Debug|Any CPU.ActiveCfg = Debug|Any CPU
		{D177F818-C90F-4C4E-AFC9-DE71D716E930}.Debug|Any CPU.Build.0 = Debug|Any CPU
		{D177F818-C90F-4C4E-AFC9-DE71D716E930}.Release|Any CPU.ActiveCfg = Release|Any CPU
		{D177F818-C90F-4C4E-AFC9-DE71D716E930}.Release|Any CPU.Build.0 = Release|Any CPU
	EndGlobalSection
	GlobalSection(SolutionProperties) = preSolution
		HideSolutionNode = FALSE
	EndGlobalSection
	GlobalSection(ExtensibilityGlobals) = postSolution
		SolutionGuid = {0E437514-7F67-415F-9C7A-94C080CCF5A8}
	EndGlobalSection
EndGlobal
